<?xml version="1.0" encoding="utf-8"?>
<Project ToolsVersion="4.0" xmlns="http://schemas.microsoft.com/developer/msbuild/2003">
  <ItemGroup>
    <Filter Include="object">
      <UniqueIdentifier>{f9dcbd27-a567-41f4-9e6f-56f49ee16488}</UniqueIdentifier>
    </Filter>
    <Filter Include="object\text">
      <UniqueIdentifier>{2d4e2347-294a-48c9-a47c-97da31d8572f}</UniqueIdentifier>
    </Filter>
    <Filter Include="render">
      <UniqueIdentifier>{06fbbe7f-5e8a-4d72-ad11-cb360f14d3d8}</UniqueIdentifier>
    </Filter>
    <Filter Include="common">
      <UniqueIdentifier>{544f4070-aa48-49c9-8d20-4f3bebb2e108}</UniqueIdentifier>
    </Filter>
    <Filter Include="utility">
      <UniqueIdentifier>{ee5b8987-0395-4f33-bd64-2539901b54fe}</UniqueIdentifier>
    </Filter>
    <Filter Include="render\font">
      <UniqueIdentifier>{4a4c7d50-df62-4cf2-9531-87f1cd6e5477}</UniqueIdentifier>
    </Filter>
    <Filter Include="render\font\bmfont">
      <UniqueIdentifier>{182e6f55-3337-4f98-a642-6cee2db40ec4}</UniqueIdentifier>
    </Filter>
    <Filter Include="render\texture">
      <UniqueIdentifier>{efc5597d-d4b1-4b3d-b584-ba74b1a55447}</UniqueIdentifier>
    </Filter>
    <Filter Include="object\animation">
      <UniqueIdentifier>{1b258286-0917-4557-bdcb-1e7c9395b1b6}</UniqueIdentifier>
    </Filter>
    <Filter Include="script">
      <UniqueIdentifier>{83d71f69-452c-4e1c-a6cf-c44c478976e9}</UniqueIdentifier>
    </Filter>
    <Filter Include="script\lua">
      <UniqueIdentifier>{36318ba9-54f4-476f-ab46-db3b086bee1c}</UniqueIdentifier>
    </Filter>
    <Filter Include="script\tolua">
      <UniqueIdentifier>{aa63d650-138b-4907-8b4f-f54c35927fb4}</UniqueIdentifier>
    </Filter>
    <Filter Include="render\draw">
      <UniqueIdentifier>{47ee7de6-eafd-4524-aeec-ff78c7a3e20f}</UniqueIdentifier>
    </Filter>
    <Filter Include="script\lua_object">
      <UniqueIdentifier>{eea2c3fa-0bae-4e2c-8daf-792a5a5c08aa}</UniqueIdentifier>
    </Filter>
  </ItemGroup>
  <ItemGroup>
    <ClCompile Include="object\ge_object.cpp">
      <Filter>object</Filter>
    </ClCompile>
    <ClCompile Include="object\geo_mesh.cpp">
      <Filter>object</Filter>
    </ClCompile>
    <ClCompile Include="object\text\geo_text.cpp">
      <Filter>object\text</Filter>
    </ClCompile>
    <ClCompile Include="object\text\geo_text_bm.cpp">
      <Filter>object\text</Filter>
    </ClCompile>
    <ClCompile Include="object\text\geo_text_dx.cpp">
      <Filter>object\text</Filter>
    </ClCompile>
    <ClCompile Include="object\text\geo_text_ft.cpp">
      <Filter>object\text</Filter>
    </ClCompile>
    <ClCompile Include="render\ge_render.cpp">
      <Filter>render</Filter>
    </ClCompile>
    <ClCompile Include="render\ger_effect.cpp">
      <Filter>render</Filter>
    </ClCompile>
    <ClCompile Include="render\ger_light.cpp">
      <Filter>render</Filter>
    </ClCompile>
    <ClCompile Include="render\ger_material.cpp">
      <Filter>render</Filter>
    </ClCompile>
    <ClCompile Include="common\ge_app.cpp">
      <Filter>common</Filter>
    </ClCompile>
    <ClCompile Include="common\ge_engine.cpp">
      <Filter>common</Filter>
    </ClCompile>
    <ClCompile Include="common\ge_game.cpp">
      <Filter>common</Filter>
    </ClCompile>
    <ClCompile Include="common\ge_input.cpp">
      <Filter>common</Filter>
    </ClCompile>
    <ClCompile Include="common\ge_scene.cpp">
      <Filter>common</Filter>
    </ClCompile>
    <ClCompile Include="object\text\geo_text_gdi.cpp">
      <Filter>object\text</Filter>
    </ClCompile>
    <ClCompile Include="render\font\ge_font.cpp">
      <Filter>render\font</Filter>
    </ClCompile>
    <ClCompile Include="render\font\ge_font_bm.cpp">
      <Filter>render\font</Filter>
    </ClCompile>
    <ClCompile Include="render\font\bm_font\bm_font.cpp">
      <Filter>render\font\bmfont</Filter>
    </ClCompile>
    <ClCompile Include="render\font\bm_font\bm_unicode.cpp">
      <Filter>render\font\bmfont</Filter>
    </ClCompile>
    <ClCompile Include="utility\ge_unicode.cpp">
      <Filter>utility</Filter>
    </ClCompile>
    <ClCompile Include="render\font\ge_font_ft.cpp">
      <Filter>render\font</Filter>
    </ClCompile>
    <ClCompile Include="render\texture\ge_surface.cpp">
      <Filter>render\texture</Filter>
    </ClCompile>
    <ClCompile Include="render\texture\ge_texture.cpp">
      <Filter>render\texture</Filter>
    </ClCompile>
    <ClCompile Include="render\texture\ge_texture_manager.cpp">
      <Filter>render\texture</Filter>
    </ClCompile>
    <ClCompile Include="render\font\ge_font_manager.cpp">
      <Filter>render\font</Filter>
    </ClCompile>
    <ClCompile Include="render\texture\ge_texture_group.cpp">
      <Filter>render\texture</Filter>
    </ClCompile>
    <ClCompile Include="utility\ge_type.cpp">
      <Filter>utility</Filter>
    </ClCompile>
    <ClCompile Include="utility\ge_vertex.cpp">
      <Filter>utility</Filter>
    </ClCompile>
    <ClCompile Include="object\animation\geo_spine.cpp">
      <Filter>object\animation</Filter>
    </ClCompile>
    <ClCompile Include="object\animation\geo_armature.cpp">
      <Filter>object\animation</Filter>
    </ClCompile>
    <ClCompile Include="script\lua\lapi.c">
      <Filter>script\lua</Filter>
    </ClCompile>
    <ClCompile Include="script\lua\lauxlib.c">
      <Filter>script\lua</Filter>
    </ClCompile>
    <ClCompile Include="script\lua\lbaselib.c">
      <Filter>script\lua</Filter>
    </ClCompile>
    <ClCompile Include="script\lua\lcode.c">
      <Filter>script\lua</Filter>
    </ClCompile>
    <ClCompile Include="script\lua\ldblib.c">
      <Filter>script\lua</Filter>
    </ClCompile>
    <ClCompile Include="script\lua\ldebug.c">
      <Filter>script\lua</Filter>
    </ClCompile>
    <ClCompile Include="script\lua\ldo.c">
      <Filter>script\lua</Filter>
    </ClCompile>
    <ClCompile Include="script\lua\ldump.c">
      <Filter>script\lua</Filter>
    </ClCompile>
    <ClCompile Include="script\lua\lfunc.c">
      <Filter>script\lua</Filter>
    </ClCompile>
    <ClCompile Include="script\lua\lgc.c">
      <Filter>script\lua</Filter>
    </ClCompile>
    <ClCompile Include="script\lua\linit.c">
      <Filter>script\lua</Filter>
    </ClCompile>
    <ClCompile Include="script\lua\liolib.c">
      <Filter>script\lua</Filter>
    </ClCompile>
    <ClCompile Include="script\lua\llex.c">
      <Filter>script\lua</Filter>
    </ClCompile>
    <ClCompile Include="script\lua\lmathlib.c">
      <Filter>script\lua</Filter>
    </ClCompile>
    <ClCompile Include="script\lua\lmem.c">
      <Filter>script\lua</Filter>
    </ClCompile>
    <ClCompile Include="script\lua\loadlib.c">
      <Filter>script\lua</Filter>
    </ClCompile>
    <ClCompile Include="script\lua\lobject.c">
      <Filter>script\lua</Filter>
    </ClCompile>
    <ClCompile Include="script\lua\lopcodes.c">
      <Filter>script\lua</Filter>
    </ClCompile>
    <ClCompile Include="script\lua\loslib.c">
      <Filter>script\lua</Filter>
    </ClCompile>
    <ClCompile Include="script\lua\lparser.c">
      <Filter>script\lua</Filter>
    </ClCompile>
    <ClCompile Include="script\lua\lstate.c">
      <Filter>script\lua</Filter>
    </ClCompile>
    <ClCompile Include="script\lua\lstring.c">
      <Filter>script\lua</Filter>
    </ClCompile>
    <ClCompile Include="script\lua\lstrlib.c">
      <Filter>script\lua</Filter>
    </ClCompile>
    <ClCompile Include="script\lua\ltable.c">
      <Filter>script\lua</Filter>
    </ClCompile>
    <ClCompile Include="script\lua\ltablib.c">
      <Filter>script\lua</Filter>
    </ClCompile>
    <ClCompile Include="script\lua\ltm.c">
      <Filter>script\lua</Filter>
    </ClCompile>
    <ClCompile Include="script\lua\lua.c">
      <Filter>script\lua</Filter>
    </ClCompile>
    <ClCompile Include="script\lua\lundump.c">
      <Filter>script\lua</Filter>
    </ClCompile>
    <ClCompile Include="script\lua\lvm.c">
      <Filter>script\lua</Filter>
    </ClCompile>
    <ClCompile Include="script\lua\lzio.c">
      <Filter>script\lua</Filter>
    </ClCompile>
    <ClCompile Include="script\lua\print.c">
      <Filter>script\lua</Filter>
    </ClCompile>
    <ClCompile Include="script\tolua\tolua_event.c">
      <Filter>script\tolua</Filter>
    </ClCompile>
    <ClCompile Include="script\tolua\tolua_fix.c">
      <Filter>script\tolua</Filter>
    </ClCompile>
    <ClCompile Include="script\tolua\tolua_is.c">
      <Filter>script\tolua</Filter>
    </ClCompile>
    <ClCompile Include="script\tolua\tolua_map.c">
      <Filter>script\tolua</Filter>
    </ClCompile>
    <ClCompile Include="script\tolua\tolua_push.c">
      <Filter>script\tolua</Filter>
    </ClCompile>
    <ClCompile Include="script\tolua\tolua_to.c">
      <Filter>script\tolua</Filter>
    </ClCompile>
    <ClCompile Include="script\ge_lua_engine.cpp">
      <Filter>script</Filter>
    </ClCompile>
    <ClCompile Include="script\ge_lua_bind.cpp">
      <Filter>script</Filter>
    </ClCompile>
    <ClCompile Include="render\draw\ge_draw.cpp">
      <Filter>render\draw</Filter>
    </ClCompile>
    <ClCompile Include="render\draw\ge_drawbuff.cpp">
      <Filter>render\draw</Filter>
    </ClCompile>
    <ClCompile Include="render\draw\ge_atlas_draw.cpp">
      <Filter>render\draw</Filter>
    </ClCompile>
    <ClCompile Include="render\draw\ge_primitive_draw.cpp">
      <Filter>render\draw</Filter>
    </ClCompile>
    <ClCompile Include="script\lua_object\ge_lua_scene.cpp">
      <Filter>script\lua_object</Filter>
    </ClCompile>
  </ItemGroup>
  <ItemGroup>
    <ClInclude Include="object\ge_object.h">
      <Filter>object</Filter>
    </ClInclude>
    <ClInclude Include="object\ge_object_def.h">
      <Filter>object</Filter>
    </ClInclude>
    <ClInclude Include="object\geo_mesh.h">
      <Filter>object</Filter>
    </ClInclude>
    <ClInclude Include="object\text\geo_text.h">
      <Filter>object\text</Filter>
    </ClInclude>
    <ClInclude Include="object\text\geo_text_bm.h">
      <Filter>object\text</Filter>
    </ClInclude>
    <ClInclude Include="object\text\geo_text_dx.h">
      <Filter>object\text</Filter>
    </ClInclude>
    <ClInclude Include="object\text\geo_text_ft.h">
      <Filter>object\text</Filter>
    </ClInclude>
    <ClInclude Include="render\ge_render.h">
      <Filter>render</Filter>
    </ClInclude>
    <ClInclude Include="render\ger_effect.h">
      <Filter>render</Filter>
    </ClInclude>
    <ClInclude Include="render\ger_light.h">
      <Filter>render</Filter>
    </ClInclude>
    <ClInclude Include="render\ger_material.h">
      <Filter>render</Filter>
    </ClInclude>
    <ClInclude Include="common\ge_app.h">
      <Filter>common</Filter>
    </ClInclude>
    <ClInclude Include="common\ge_engine.h">
      <Filter>common</Filter>
    </ClInclude>
    <ClInclude Include="common\ge_game.h">
      <Filter>common</Filter>
    </ClInclude>
    <ClInclude Include="common\ge_include.h">
      <Filter>common</Filter>
    </ClInclude>
    <ClInclude Include="common\ge_input.h">
      <Filter>common</Filter>
    </ClInclude>
    <ClInclude Include="common\ge_scene.h">
      <Filter>common</Filter>
    </ClInclude>
    <ClInclude Include="game_engine.h" />
    <ClInclude Include="object\text\geo_text_gdi.h">
      <Filter>object\text</Filter>
    </ClInclude>
    <ClInclude Include="render\font\ge_font_bm.h">
      <Filter>render\font</Filter>
    </ClInclude>
    <ClInclude Include="render\font\ge_font.h">
      <Filter>render\font</Filter>
    </ClInclude>
    <ClInclude Include="render\font\bm_font\bm_unicode.h">
      <Filter>render\font\bmfont</Filter>
    </ClInclude>
    <ClInclude Include="render\font\bm_font\bm_font.h">
      <Filter>render\font\bmfont</Filter>
    </ClInclude>
    <ClInclude Include="utility\ge_unicode.h">
      <Filter>utility</Filter>
    </ClInclude>
    <ClInclude Include="render\font\ge_font_ft.h">
      <Filter>render\font</Filter>
    </ClInclude>
    <ClInclude Include="render\texture\ge_texture_manager.h">
      <Filter>render\texture</Filter>
    </ClInclude>
    <ClInclude Include="render\texture\ge_surface.h">
      <Filter>render\texture</Filter>
    </ClInclude>
    <ClInclude Include="render\texture\ge_texture.h">
      <Filter>render\texture</Filter>
    </ClInclude>
    <ClInclude Include="render\font\ge_font_manager.h">
      <Filter>render\font</Filter>
    </ClInclude>
    <ClInclude Include="render\texture\ge_texture_group.h">
      <Filter>render\texture</Filter>
    </ClInclude>
    <ClInclude Include="utility\ge_type.h">
      <Filter>utility</Filter>
    </ClInclude>
    <ClInclude Include="utility\ge_vertex.h">
      <Filter>utility</Filter>
    </ClInclude>
    <ClInclude Include="object\animation\geo_spine.h">
      <Filter>object\animation</Filter>
    </ClInclude>
    <ClInclude Include="object\animation\geo_armature.h">
      <Filter>object\animation</Filter>
    </ClInclude>
    <ClInclude Include="script\lua\lapi.h">
      <Filter>script\lua</Filter>
    </ClInclude>
    <ClInclude Include="script\lua\lauxlib.h">
      <Filter>script\lua</Filter>
    </ClInclude>
    <ClInclude Include="script\lua\lcode.h">
      <Filter>script\lua</Filter>
    </ClInclude>
    <ClInclude Include="script\lua\ldebug.h">
      <Filter>script\lua</Filter>
    </ClInclude>
    <ClInclude Include="script\lua\ldo.h">
      <Filter>script\lua</Filter>
    </ClInclude>
    <ClInclude Include="script\lua\lfunc.h">
      <Filter>script\lua</Filter>
    </ClInclude>
    <ClInclude Include="script\lua\lgc.h">
      <Filter>script\lua</Filter>
    </ClInclude>
    <ClInclude Include="script\lua\llex.h">
      <Filter>script\lua</Filter>
    </ClInclude>
    <ClInclude Include="script\lua\llimits.h">
      <Filter>script\lua</Filter>
    </ClInclude>
    <ClInclude Include="script\lua\lmem.h">
      <Filter>script\lua</Filter>
    </ClInclude>
    <ClInclude Include="script\lua\lobject.h">
      <Filter>script\lua</Filter>
    </ClInclude>
    <ClInclude Include="script\lua\lopcodes.h">
      <Filter>script\lua</Filter>
    </ClInclude>
    <ClInclude Include="script\lua\lparser.h">
      <Filter>script\lua</Filter>
    </ClInclude>
    <ClInclude Include="script\lua\lstate.h">
      <Filter>script\lua</Filter>
    </ClInclude>
    <ClInclude Include="script\lua\lstring.h">
      <Filter>script\lua</Filter>
    </ClInclude>
    <ClInclude Include="script\lua\ltable.h">
      <Filter>script\lua</Filter>
    </ClInclude>
    <ClInclude Include="script\lua\ltm.h">
      <Filter>script\lua</Filter>
    </ClInclude>
    <ClInclude Include="script\lua\lua.h">
      <Filter>script\lua</Filter>
    </ClInclude>
    <ClInclude Include="script\lua\luaconf.h">
      <Filter>script\lua</Filter>
    </ClInclude>
    <ClInclude Include="script\lua\lualib.h">
      <Filter>script\lua</Filter>
    </ClInclude>
    <ClInclude Include="script\lua\lundump.h">
      <Filter>script\lua</Filter>
    </ClInclude>
    <ClInclude Include="script\lua\lvm.h">
      <Filter>script\lua</Filter>
    </ClInclude>
    <ClInclude Include="script\lua\lzio.h">
      <Filter>script\lua</Filter>
    </ClInclude>
    <ClInclude Include="script\tolua\tolua++.h">
      <Filter>script\tolua</Filter>
    </ClInclude>
    <ClInclude Include="script\tolua\tolua_event.h">
      <Filter>script\tolua</Filter>
    </ClInclude>
    <ClInclude Include="script\tolua\tolua_fix.h">
      <Filter>script\tolua</Filter>
    </ClInclude>
    <ClInclude Include="script\ge_lua_engine.h">
      <Filter>script</Filter>
    </ClInclude>
    <ClInclude Include="script\ge_lua_bind.h">
      <Filter>script</Filter>
    </ClInclude>
    <ClInclude Include="render\draw\ge_draw.h">
      <Filter>render\draw</Filter>
    </ClInclude>
    <ClInclude Include="render\draw\ge_drawbuff.h">
      <Filter>render\draw</Filter>
    </ClInclude>
    <ClInclude Include="render\draw\ge_atlas_draw.h">
      <Filter>render\draw</Filter>
    </ClInclude>
    <ClInclude Include="render\draw\ge_primitive_draw.h">
      <Filter>render\draw</Filter>
    </ClInclude>
    <ClInclude Include="script\lua_object\ge_lua_scene.h">
      <Filter>script\lua_object</Filter>
    </ClInclude>
  </ItemGroup>
</Project>