<?xml version="1.0" encoding="utf-8"?>
<Project ToolsVersion="4.0" xmlns="http://schemas.microsoft.com/developer/msbuild/2003">
  <ItemGroup>
    <Filter Include="lua">
      <UniqueIdentifier>{e4f03d20-3092-4c58-8bea-9bb4be4c890a}</UniqueIdentifier>
    </Filter>
    <Filter Include="tolua">
      <UniqueIdentifier>{89575571-93fe-43a5-b32b-5fead1ac3f88}</UniqueIdentifier>
    </Filter>
  </ItemGroup>
  <ItemGroup>
    <ClInclude Include="lua\luaconf.h">
      <Filter>lua</Filter>
    </ClInclude>
    <ClInclude Include="lua\lualib.h">
      <Filter>lua</Filter>
    </ClInclude>
    <ClInclude Include="lua\lauxlib.h">
      <Filter>lua</Filter>
    </ClInclude>
    <ClInclude Include="lua\lua.h">
      <Filter>lua</Filter>
    </ClInclude>
    <ClInclude Include="tolua\tolua++.h">
      <Filter>tolua</Filter>
    </ClInclude>
    <ClInclude Include="tolua\tolua_event.h">
      <Filter>tolua</Filter>
    </ClInclude>
    <ClInclude Include="ge_luabind.h" />
  </ItemGroup>
  <ItemGroup>
    <ClCompile Include="tolua\tolua_event.c">
      <Filter>tolua</Filter>
    </ClCompile>
    <ClCompile Include="tolua\tolua_is.c">
      <Filter>tolua</Filter>
    </ClCompile>
    <ClCompile Include="tolua\tolua_map.c">
      <Filter>tolua</Filter>
    </ClCompile>
    <ClCompile Include="tolua\tolua_push.c">
      <Filter>tolua</Filter>
    </ClCompile>
    <ClCompile Include="tolua\tolua_to.c">
      <Filter>tolua</Filter>
    </ClCompile>
    <ClCompile Include="ge_luabind.cpp" />
  </ItemGroup>
</Project>